
Microsoft Visual Studio Solution File, Format Version 12.00
Project("{FAE04EC0-301F-11D3-BF4B-00C04F79EFBC}") = "RecruitingWeb", "Services\Recruiting\RecruitingWeb\RecruitingWeb.csproj", "{B9357E5A-80DF-4E2C-BC4C-BE8AB8E192BB}"
EndProject
Project("{FAE04EC0-301F-11D3-BF4B-00C04F79EFBC}") = "ApplicationCore", "Services\Recruiting\ApplicationCore\ApplicationCore.csproj", "{2C13AAB6-2E61-4596-96EB-2A42FFFC27E3}"
EndProject
Project("{FAE04EC0-301F-11D3-BF4B-00C04F79EFBC}") = "Infrastructure", "Services\Recruiting\Infrastructure\Infrastructure.csproj", "{A40B9092-74DE-49F3-A026-36EC9DC03EC4}"
EndProject
Project("{2150E333-8FDC-42A3-9474-1A3956D46DE8}") = "Recruiting", "Recruiting", "{77306938-5B0A-4034-9AA8-82BA04DB32BF}"
EndProject
Project("{2150E333-8FDC-42A3-9474-1A3956D46DE8}") = "Authentication", "Authentication", "{9790A8DB-FB59-457A-9E00-B336CE390614}"
EndProject
Project("{2150E333-8FDC-42A3-9474-1A3956D46DE8}") = "Interviews", "Interviews", "{FDE6D690-4664-4383-9BCB-FA84AD0C3C89}"
EndProject
Project("{2150E333-8FDC-42A3-9474-1A3956D46DE8}") = "Onboarding", "Onboarding", "{EBEBD01D-94E3-42B9-9C8A-F9A7531246BB}"
EndProject
Project("{FAE04EC0-301F-11D3-BF4B-00C04F79EFBC}") = "Onboarding.ApplicationCore", "Services\Onboarding\Onboarding.ApplicationCore\Onboarding.ApplicationCore.csproj", "{3605F58F-9093-4A1A-A433-11A3BB007EA9}"
EndProject
Project("{FAE04EC0-301F-11D3-BF4B-00C04F79EFBC}") = "Onboarding.Infrastructure", "Services\Onboarding\Onboarding.Infrastructure\Onboarding.Infrastructure.csproj", "{DADCD1B9-BCEB-44C2-9ED3-9C8665DA5BB4}"
EndProject
Project("{FAE04EC0-301F-11D3-BF4B-00C04F79EFBC}") = "Onboarding.API", "Services\Onboarding\Onboarding.API\Onboarding.API.csproj", "{8FF1AB64-EAD8-44C5-8255-0FDE949B70F9}"
EndProject
Project("{FAE04EC0-301F-11D3-BF4B-00C04F79EFBC}") = "Interviews.ApplicationCore", "Services\Interviews\Interviews.ApplicationCore\Interviews.ApplicationCore.csproj", "{6FE89CC4-C816-400D-9272-B069C3DF58A5}"
EndProject
Project("{FAE04EC0-301F-11D3-BF4B-00C04F79EFBC}") = "Interviews.Infrastructure", "Services\Interviews\Interviews.Infrastructure\Interviews.Infrastructure.csproj", "{7BF4B6FB-6BF1-4CD0-8F2B-61C45AFC5911}"
EndProject
Project("{FAE04EC0-301F-11D3-BF4B-00C04F79EFBC}") = "Interviews.API", "Services\Interviews\Interviews.API\Interviews.API.csproj", "{D58D484D-E308-400E-B6CE-2990B6ACCEAE}"
EndProject
Project("{FAE04EC0-301F-11D3-BF4B-00C04F79EFBC}") = "Authentication.API", "Services\Authentication\Authentication.API\Authentication.API.csproj", "{0B0B3E98-8448-48CA-A630-32FAE8E18631}"
EndProject
Project("{FAE04EC0-301F-11D3-BF4B-00C04F79EFBC}") = "Recruiting.API", "Services\Recruiting\Recruiting.API\Recruiting.API.csproj", "{563AD61A-B6C3-45BD-9CE1-C77856C4ADC0}"
EndProject
Project("{2150E333-8FDC-42A3-9474-1A3956D46DE8}") = "Services", "Services", "{9B80A5D4-7526-4A1A-935C-DF8AA715226A}"
EndProject
Global
	GlobalSection(SolutionConfigurationPlatforms) = preSolution
		Debug|Any CPU = Debug|Any CPU
		Release|Any CPU = Release|Any CPU
	EndGlobalSection
	GlobalSection(ProjectConfigurationPlatforms) = postSolution
		{B9357E5A-80DF-4E2C-BC4C-BE8AB8E192BB}.Debug|Any CPU.ActiveCfg = Debug|Any CPU
		{B9357E5A-80DF-4E2C-BC4C-BE8AB8E192BB}.Release|Any CPU.ActiveCfg = Release|Any CPU
		{B9357E5A-80DF-4E2C-BC4C-BE8AB8E192BB}.Release|Any CPU.Build.0 = Release|Any CPU
		{B9357E5A-80DF-4E2C-BC4C-BE8AB8E192BB}.Debug|Any CPU.Build.0 = Debug|Any CPU
		{2C13AAB6-2E61-4596-96EB-2A42FFFC27E3}.Release|Any CPU.ActiveCfg = Release|Any CPU
		{2C13AAB6-2E61-4596-96EB-2A42FFFC27E3}.Release|Any CPU.Build.0 = Release|Any CPU
		{2C13AAB6-2E61-4596-96EB-2A42FFFC27E3}.Debug|Any CPU.ActiveCfg = Debug|Any CPU
		{2C13AAB6-2E61-4596-96EB-2A42FFFC27E3}.Debug|Any CPU.Build.0 = Debug|Any CPU
		{A40B9092-74DE-49F3-A026-36EC9DC03EC4}.Debug|Any CPU.ActiveCfg = Debug|Any CPU
		{A40B9092-74DE-49F3-A026-36EC9DC03EC4}.Release|Any CPU.ActiveCfg = Release|Any CPU
		{A40B9092-74DE-49F3-A026-36EC9DC03EC4}.Release|Any CPU.Build.0 = Release|Any CPU
		{A40B9092-74DE-49F3-A026-36EC9DC03EC4}.Debug|Any CPU.Build.0 = Debug|Any CPU
		{3605F58F-9093-4A1A-A433-11A3BB007EA9}.Debug|Any CPU.ActiveCfg = Debug|Any CPU
		{3605F58F-9093-4A1A-A433-11A3BB007EA9}.Debug|Any CPU.Build.0 = Debug|Any CPU
		{3605F58F-9093-4A1A-A433-11A3BB007EA9}.Release|Any CPU.ActiveCfg = Release|Any CPU
		{3605F58F-9093-4A1A-A433-11A3BB007EA9}.Release|Any CPU.Build.0 = Release|Any CPU
		{DADCD1B9-BCEB-44C2-9ED3-9C8665DA5BB4}.Debug|Any CPU.ActiveCfg = Debug|Any CPU
		{DADCD1B9-BCEB-44C2-9ED3-9C8665DA5BB4}.Debug|Any CPU.Build.0 = Debug|Any CPU
		{DADCD1B9-BCEB-44C2-9ED3-9C8665DA5BB4}.Release|Any CPU.ActiveCfg = Release|Any CPU
		{DADCD1B9-BCEB-44C2-9ED3-9C8665DA5BB4}.Release|Any CPU.Build.0 = Release|Any CPU
		{8FF1AB64-EAD8-44C5-8255-0FDE949B70F9}.Debug|Any CPU.ActiveCfg = Debug|Any CPU
		{8FF1AB64-EAD8-44C5-8255-0FDE949B70F9}.Debug|Any CPU.Build.0 = Debug|Any CPU
		{8FF1AB64-EAD8-44C5-8255-0FDE949B70F9}.Release|Any CPU.ActiveCfg = Release|Any CPU
		{8FF1AB64-EAD8-44C5-8255-0FDE949B70F9}.Release|Any CPU.Build.0 = Release|Any CPU
		{6FE89CC4-C816-400D-9272-B069C3DF58A5}.Debug|Any CPU.ActiveCfg = Debug|Any CPU
		{6FE89CC4-C816-400D-9272-B069C3DF58A5}.Debug|Any CPU.Build.0 = Debug|Any CPU
		{6FE89CC4-C816-400D-9272-B069C3DF58A5}.Release|Any CPU.ActiveCfg = Release|Any CPU
		{6FE89CC4-C816-400D-9272-B069C3DF58A5}.Release|Any CPU.Build.0 = Release|Any CPU
		{7BF4B6FB-6BF1-4CD0-8F2B-61C45AFC5911}.Debug|Any CPU.ActiveCfg = Debug|Any CPU
		{7BF4B6FB-6BF1-4CD0-8F2B-61C45AFC5911}.Debug|Any CPU.Build.0 = Debug|Any CPU
		{7BF4B6FB-6BF1-4CD0-8F2B-61C45AFC5911}.Release|Any CPU.ActiveCfg = Release|Any CPU
		{7BF4B6FB-6BF1-4CD0-8F2B-61C45AFC5911}.Release|Any CPU.Build.0 = Release|Any CPU
		{D58D484D-E308-400E-B6CE-2990B6ACCEAE}.Debug|Any CPU.ActiveCfg = Debug|Any CPU
		{D58D484D-E308-400E-B6CE-2990B6ACCEAE}.Debug|Any CPU.Build.0 = Debug|Any CPU
		{D58D484D-E308-400E-B6CE-2990B6ACCEAE}.Release|Any CPU.ActiveCfg = Release|Any CPU
		{D58D484D-E308-400E-B6CE-2990B6ACCEAE}.Release|Any CPU.Build.0 = Release|Any CPU
		{0B0B3E98-8448-48CA-A630-32FAE8E18631}.Debug|Any CPU.ActiveCfg = Debug|Any CPU
		{0B0B3E98-8448-48CA-A630-32FAE8E18631}.Debug|Any CPU.Build.0 = Debug|Any CPU
		{0B0B3E98-8448-48CA-A630-32FAE8E18631}.Release|Any CPU.ActiveCfg = Release|Any CPU
		{0B0B3E98-8448-48CA-A630-32FAE8E18631}.Release|Any CPU.Build.0 = Release|Any CPU
		{563AD61A-B6C3-45BD-9CE1-C77856C4ADC0}.Debug|Any CPU.ActiveCfg = Debug|Any CPU
		{563AD61A-B6C3-45BD-9CE1-C77856C4ADC0}.Debug|Any CPU.Build.0 = Debug|Any CPU
		{563AD61A-B6C3-45BD-9CE1-C77856C4ADC0}.Release|Any CPU.ActiveCfg = Release|Any CPU
		{563AD61A-B6C3-45BD-9CE1-C77856C4ADC0}.Release|Any CPU.Build.0 = Release|Any CPU
	EndGlobalSection
	GlobalSection(NestedProjects) = preSolution
		{2C13AAB6-2E61-4596-96EB-2A42FFFC27E3} = {77306938-5B0A-4034-9AA8-82BA04DB32BF}
		{A40B9092-74DE-49F3-A026-36EC9DC03EC4} = {77306938-5B0A-4034-9AA8-82BA04DB32BF}
		{B9357E5A-80DF-4E2C-BC4C-BE8AB8E192BB} = {77306938-5B0A-4034-9AA8-82BA04DB32BF}
		{3605F58F-9093-4A1A-A433-11A3BB007EA9} = {EBEBD01D-94E3-42B9-9C8A-F9A7531246BB}
		{DADCD1B9-BCEB-44C2-9ED3-9C8665DA5BB4} = {EBEBD01D-94E3-42B9-9C8A-F9A7531246BB}
		{8FF1AB64-EAD8-44C5-8255-0FDE949B70F9} = {EBEBD01D-94E3-42B9-9C8A-F9A7531246BB}
		{6FE89CC4-C816-400D-9272-B069C3DF58A5} = {FDE6D690-4664-4383-9BCB-FA84AD0C3C89}
		{7BF4B6FB-6BF1-4CD0-8F2B-61C45AFC5911} = {FDE6D690-4664-4383-9BCB-FA84AD0C3C89}
		{D58D484D-E308-400E-B6CE-2990B6ACCEAE} = {FDE6D690-4664-4383-9BCB-FA84AD0C3C89}
		{0B0B3E98-8448-48CA-A630-32FAE8E18631} = {9790A8DB-FB59-457A-9E00-B336CE390614}
		{563AD61A-B6C3-45BD-9CE1-C77856C4ADC0} = {77306938-5B0A-4034-9AA8-82BA04DB32BF}
		{9790A8DB-FB59-457A-9E00-B336CE390614} = {9B80A5D4-7526-4A1A-935C-DF8AA715226A}
		{FDE6D690-4664-4383-9BCB-FA84AD0C3C89} = {9B80A5D4-7526-4A1A-935C-DF8AA715226A}
		{EBEBD01D-94E3-42B9-9C8A-F9A7531246BB} = {9B80A5D4-7526-4A1A-935C-DF8AA715226A}
		{77306938-5B0A-4034-9AA8-82BA04DB32BF} = {9B80A5D4-7526-4A1A-935C-DF8AA715226A}
	EndGlobalSection
EndGlobal
